
Microsoft Visual Studio Solution File, Format Version 12.00
# Visual Studio 15
VisualStudioVersion = 15.0.26510.0
MinimumVisualStudioVersion = 10.0.40219.1
Project("{9A19103F-16F7-4668-BE54-9A1E7A4F7556}") = "TypeSafeEnumPattern.Tests", "TypeSafeEnumPattern.Tests\TypeSafeEnumPattern.Tests.csproj", "{76123D85-DAE4-47E6-8099-2C4714AE5A7D}"
EndProject
Project("{9A19103F-16F7-4668-BE54-9A1E7A4F7556}") = "TypeSafeEnumPattern", "TypeSafeEnumPattern\TypeSafeEnumPattern.csproj", "{B0B673B1-2901-44C9-BF16-7593A70CA0F2}"
EndProject
Global
	GlobalSection(SolutionConfigurationPlatforms) = preSolution
		Debug|Any CPU = Debug|Any CPU
		Release|Any CPU = Release|Any CPU
	EndGlobalSection
	GlobalSection(ProjectConfigurationPlatforms) = postSolution
		{76123D85-DAE4-47E6-8099-2C4714AE5A7D}.Debug|Any CPU.ActiveCfg = Debug|Any CPU
		{76123D85-DAE4-47E6-8099-2C4714AE5A7D}.Debug|Any CPU.Build.0 = Debug|Any CPU
		{76123D85-DAE4-47E6-8099-2C4714AE5A7D}.Release|Any CPU.ActiveCfg = Release|Any CPU
		{76123D85-DAE4-47E6-8099-2C4714AE5A7D}.Release|Any CPU.Build.0 = Release|Any CPU
		{B0B673B1-2901-44C9-BF16-7593A70CA0F2}.Debug|Any CPU.ActiveCfg = Debug|Any CPU
		{B0B673B1-2901-44C9-BF16-7593A70CA0F2}.Debug|Any CPU.Build.0 = Debug|Any CPU
		{B0B673B1-2901-44C9-BF16-7593A70CA0F2}.Release|Any CPU.ActiveCfg = Release|Any CPU
		{B0B673B1-2901-44C9-BF16-7593A70CA0F2}.Release|Any CPU.Build.0 = Release|Any CPU
	EndGlobalSection
	GlobalSection(SolutionProperties) = preSolution
		HideSolutionNode = FALSE
	EndGlobalSection
EndGlobal
